// !$*UTF8*$!
{
	archiveVersion = 1;
	classes = {
	};
	objectVersion = 45;
	objects = {

/* Begin PBXBuildFile section */
		490FE024132DE524009E0511 /* CGGeometry+Math.h in Headers */ = {isa = PBXBuildFile; fileRef = 490FDFEB132DE524009E0511 /* CGGeometry+Math.h */; };
		490FE025132DE524009E0511 /* CGGeometry+Math.m in Sources */ = {isa = PBXBuildFile; fileRef = 490FDFEC132DE524009E0511 /* CGGeometry+Math.m */; };
		490FE026132DE524009E0511 /* NSArray+BBUtility.h in Headers */ = {isa = PBXBuildFile; fileRef = 490FDFED132DE524009E0511 /* NSArray+BBUtility.h */; };
		490FE027132DE524009E0511 /* NSArray+BBUtility.m in Sources */ = {isa = PBXBuildFile; fileRef = 490FDFEE132DE524009E0511 /* NSArray+BBUtility.m */; };
		490FE028132DE524009E0511 /* NSDocumentWrapper.h in Headers */ = {isa = PBXBuildFile; fileRef = 490FDFEF132DE524009E0511 /* NSDocumentWrapper.h */; };
		490FE029132DE524009E0511 /* NSDocumentWrapper.m in Sources */ = {isa = PBXBuildFile; fileRef = 490FDFF0132DE524009E0511 /* NSDocumentWrapper.m */; };
		490FE02A132DE524009E0511 /* NSPersistentDocumentWrapper.h in Headers */ = {isa = PBXBuildFile; fileRef = 490FDFF1132DE524009E0511 /* NSPersistentDocumentWrapper.h */; };
		490FE02B132DE524009E0511 /* NSPersistentDocumentWrapper.m in Sources */ = {isa = PBXBuildFile; fileRef = 490FDFF2132DE524009E0511 /* NSPersistentDocumentWrapper.m */; };
		490FE02C132DE524009E0511 /* NSPersistentDocument+FileWrapper.h in Headers */ = {isa = PBXBuildFile; fileRef = 490FDFF3132DE524009E0511 /* NSPersistentDocument+FileWrapper.h */; };
		490FE02D132DE524009E0511 /* NSPersistentDocument+FileWrapper.m in Sources */ = {isa = PBXBuildFile; fileRef = 490FDFF4132DE524009E0511 /* NSPersistentDocument+FileWrapper.m */; };
		490FE02E132DE524009E0511 /* BBImageResource.h in Headers */ = {isa = PBXBuildFile; fileRef = 490FDFF6132DE524009E0511 /* BBImageResource.h */; };
		490FE02F132DE524009E0511 /* BBImageResource.m in Sources */ = {isa = PBXBuildFile; fileRef = 490FDFF7132DE524009E0511 /* BBImageResource.m */; };
		490FE030132DE524009E0511 /* BBError.h in Headers */ = {isa = PBXBuildFile; fileRef = 490FDFF8132DE524009E0511 /* BBError.h */; };
		490FE031132DE524009E0511 /* BBError.m in Sources */ = {isa = PBXBuildFile; fileRef = 490FDFF9132DE524009E0511 /* BBError.m */; };
		490FE032132DE524009E0511 /* BBPasteboardable.h in Headers */ = {isa = PBXBuildFile; fileRef = 490FDFFA132DE524009E0511 /* BBPasteboardable.h */; };
		490FE033132DE524009E0511 /* BBProjectController.h in Headers */ = {isa = PBXBuildFile; fileRef = 490FDFFB132DE524009E0511 /* BBProjectController.h */; };
		490FE034132DE524009E0511 /* BBProjectController.m in Sources */ = {isa = PBXBuildFile; fileRef = 490FDFFC132DE524009E0511 /* BBProjectController.m */; };
		490FE035132DE524009E0511 /* BBWoodBackgroundView.h in Headers */ = {isa = PBXBuildFile; fileRef = 490FDFFD132DE524009E0511 /* BBWoodBackgroundView.h */; };
		490FE036132DE524009E0511 /* BBWoodBackgroundView.m in Sources */ = {isa = PBXBuildFile; fileRef = 490FDFFE132DE524009E0511 /* BBWoodBackgroundView.m */; };
		490FE037132DE524009E0511 /* BBWindow.h in Headers */ = {isa = PBXBuildFile; fileRef = 490FDFFF132DE524009E0511 /* BBWindow.h */; };
		490FE038132DE524009E0511 /* BBWindow.m in Sources */ = {isa = PBXBuildFile; fileRef = 490FE000132DE524009E0511 /* BBWindow.m */; };
		490FE039132DE524009E0511 /* BBSplitViewLimitsDelegate.h in Headers */ = {isa = PBXBuildFile; fileRef = 490FE001132DE524009E0511 /* BBSplitViewLimitsDelegate.h */; };
		490FE03A132DE524009E0511 /* BBSplitViewLimitsDelegate.m in Sources */ = {isa = PBXBuildFile; fileRef = 490FE002132DE524009E0511 /* BBSplitViewLimitsDelegate.m */; };
		490FE03B132DE524009E0511 /* BBPatchView.h in Headers */ = {isa = PBXBuildFile; fileRef = 490FE004132DE524009E0511 /* BBPatchView.h */; };
		490FE03C132DE524009E0511 /* BBPatchView.m in Sources */ = {isa = PBXBuildFile; fileRef = 490FE005132DE524009E0511 /* BBPatchView.m */; };
		490FE03D132DE524009E0511 /* BBPatchDefinition.h in Headers */ = {isa = PBXBuildFile; fileRef = 490FE006132DE524009E0511 /* BBPatchDefinition.h */; };
		490FE03E132DE524009E0511 /* BBPatchDefinition.m in Sources */ = {isa = PBXBuildFile; fileRef = 490FE007132DE524009E0511 /* BBPatchDefinition.m */; };
		490FE03F132DE524009E0511 /* BBConnectionDefinition.h in Headers */ = {isa = PBXBuildFile; fileRef = 490FE008132DE524009E0511 /* BBConnectionDefinition.h */; };
		490FE040132DE524009E0511 /* BBConnectionDefinition.m in Sources */ = {isa = PBXBuildFile; fileRef = 490FE009132DE524009E0511 /* BBConnectionDefinition.m */; };
		490FE041132DE524009E0511 /* BBPatchCollectionDocument.h in Headers */ = {isa = PBXBuildFile; fileRef = 490FE00B132DE524009E0511 /* BBPatchCollectionDocument.h */; };
		490FE042132DE524009E0511 /* BBPatchCollectionDocument.m in Sources */ = {isa = PBXBuildFile; fileRef = 490FE00C132DE524009E0511 /* BBPatchCollectionDocument.m */; };
		490FE043132DE524009E0511 /* BBConnection.h in Headers */ = {isa = PBXBuildFile; fileRef = 490FE00D132DE524009E0511 /* BBConnection.h */; };
		490FE044132DE524009E0511 /* BBConnection.m in Sources */ = {isa = PBXBuildFile; fileRef = 490FE00E132DE524009E0511 /* BBConnection.m */; };
		490FE045132DE524009E0511 /* BBLinkedPatch.h in Headers */ = {isa = PBXBuildFile; fileRef = 490FE00F132DE524009E0511 /* BBLinkedPatch.h */; };
		490FE046132DE524009E0511 /* BBLinkedPatch.m in Sources */ = {isa = PBXBuildFile; fileRef = 490FE010132DE524009E0511 /* BBLinkedPatch.m */; };
		490FE047132DE524009E0511 /* BBLinkedPatchView.h in Headers */ = {isa = PBXBuildFile; fileRef = 490FE011132DE524009E0511 /* BBLinkedPatchView.h */; };
		490FE048132DE524009E0511 /* BBLinkedPatchView.m in Sources */ = {isa = PBXBuildFile; fileRef = 490FE012132DE524009E0511 /* BBLinkedPatchView.m */; };
		490FE049132DE524009E0511 /* BBConnectionAnimationState.h in Headers */ = {isa = PBXBuildFile; fileRef = 490FE013132DE524009E0511 /* BBConnectionAnimationState.h */; };
		490FE04A132DE524009E0511 /* BBConnectionAnimationState.m in Sources */ = {isa = PBXBuildFile; fileRef = 490FE014132DE524009E0511 /* BBConnectionAnimationState.m */; };
		490FE04B132DE524009E0511 /* BBPatchCollectionController.h in Headers */ = {isa = PBXBuildFile; fileRef = 490FE015132DE524009E0511 /* BBPatchCollectionController.h */; };
		490FE04C132DE524009E0511 /* BBPatchCollectionController.m in Sources */ = {isa = PBXBuildFile; fileRef = 490FE016132DE524009E0511 /* BBPatchCollectionController.m */; };
		490FE04D132DE524009E0511 /* BBPatchCollectionView.h in Headers */ = {isa = PBXBuildFile; fileRef = 490FE017132DE524009E0511 /* BBPatchCollectionView.h */; };
		490FE04E132DE524009E0511 /* BBPatchCollectionView.m in Sources */ = {isa = PBXBuildFile; fileRef = 490FE018132DE524009E0511 /* BBPatchCollectionView.m */; };
		490FE04F132DE524009E0511 /* BBPatchDocument.h in Headers */ = {isa = PBXBuildFile; fileRef = 490FE01A132DE524009E0511 /* BBPatchDocument.h */; };
		490FE050132DE524009E0511 /* BBPatchDocument.m in Sources */ = {isa = PBXBuildFile; fileRef = 490FE01B132DE524009E0511 /* BBPatchDocument.m */; };
		490FE051132DE524009E0511 /* BBPatchScriptViewController.h in Headers */ = {isa = PBXBuildFile; fileRef = 490FE01C132DE524009E0511 /* BBPatchScriptViewController.h */; };
		490FE052132DE524009E0511 /* BBPatchScriptViewController.m in Sources */ = {isa = PBXBuildFile; fileRef = 490FE01D132DE524009E0511 /* BBPatchScriptViewController.m */; };
		490FE053132DE524009E0511 /* BBPatchDefinitionView.h in Headers */ = {isa = PBXBuildFile; fileRef = 490FE01E132DE524009E0511 /* BBPatchDefinitionView.h */; };
		490FE054132DE524009E0511 /* BBPatchDefinitionView.m in Sources */ = {isa = PBXBuildFile; fileRef = 490FE01F132DE524009E0511 /* BBPatchDefinitionView.m */; };
		490FE055132DE524009E0511 /* BBConnectionDefinitionDragView.h in Headers */ = {isa = PBXBuildFile; fileRef = 490FE020132DE524009E0511 /* BBConnectionDefinitionDragView.h */; };
		490FE056132DE524009E0511 /* BBConnectionDefinitionDragView.m in Sources */ = {isa = PBXBuildFile; fileRef = 490FE021132DE524009E0511 /* BBConnectionDefinitionDragView.m */; };
		490FE057132DE524009E0511 /* BBAppDelegate.h in Headers */ = {isa = PBXBuildFile; fileRef = 490FE022132DE524009E0511 /* BBAppDelegate.h */; };
		490FE058132DE524009E0511 /* BBAppDelegate.m in Sources */ = {isa = PBXBuildFile; fileRef = 490FE023132DE524009E0511 /* BBAppDelegate.m */; };
		490FE06A132DE60D009E0511 /* AGRegex.framework in Frameworks */ = {isa = PBXBuildFile; fileRef = 490FE069132DE60D009E0511 /* AGRegex.framework */; };
		490FE1A9132DE61F009E0511 /* Cocoa.framework in Frameworks */ = {isa = PBXBuildFile; fileRef = 490FE1A6132DE61F009E0511 /* Cocoa.framework */; };
		490FE1AA132DE61F009E0511 /* Foundation.framework in Frameworks */ = {isa = PBXBuildFile; fileRef = 490FE1A7132DE61F009E0511 /* Foundation.framework */; };
		490FE1AB132DE61F009E0511 /* AppKit.framework in Frameworks */ = {isa = PBXBuildFile; fileRef = 490FE1A8132DE61F009E0511 /* AppKit.framework */; };
		490FE1AE132DE648009E0511 /* AGRegex.framework in Copy Frameworks */ = {isa = PBXBuildFile; fileRef = 490FE069132DE60D009E0511 /* AGRegex.framework */; };
		490FE1CE132DE859009E0511 /* VisualProgramming_Prefix.pch in Headers */ = {isa = PBXBuildFile; fileRef = 490FE1CD132DE859009E0511 /* VisualProgramming_Prefix.pch */; };
		490FE29E132DF36A009E0511 /* BBVisualProgramming.framework in Copy Frameworks */ = {isa = PBXBuildFile; fileRef = 490FDFCD132DE3E1009E0511 /* BBVisualProgramming.framework */; };
		490FE2C4132DF3F2009E0511 /* main.m in Sources */ = {isa = PBXBuildFile; fileRef = 490FE2A8132DF39A009E0511 /* main.m */; };
		490FE2C9132DF412009E0511 /* AGRegex.framework in Copy Frameworks */ = {isa = PBXBuildFile; fileRef = 490FE069132DE60D009E0511 /* AGRegex.framework */; };
		490FE2CB132DF436009E0511 /* AGRegex.framework in Frameworks */ = {isa = PBXBuildFile; fileRef = 490FE069132DE60D009E0511 /* AGRegex.framework */; };
		490FE2CC132DF436009E0511 /* BBVisualProgramming.framework in Frameworks */ = {isa = PBXBuildFile; fileRef = 490FDFCD132DE3E1009E0511 /* BBVisualProgramming.framework */; };
		490FE2D7132DF465009E0511 /* MainMenu.xib in Resources */ = {isa = PBXBuildFile; fileRef = 490FE2D4132DF45F009E0511 /* MainMenu.xib */; };
		490FE2FB132DF5B2009E0511 /* AppIcon.icns in Resources */ = {isa = PBXBuildFile; fileRef = 490FE2EC132DF5B1009E0511 /* AppIcon.icns */; };
		490FE2FC132DF5B2009E0511 /* Connection.png in Resources */ = {isa = PBXBuildFile; fileRef = 490FE2EE132DF5B1009E0511 /* Connection.png */; };
		490FE2FD132DF5B2009E0511 /* Copper.png in Resources */ = {isa = PBXBuildFile; fileRef = 490FE2EF132DF5B1009E0511 /* Copper.png */; };
		490FE2FE132DF5B2009E0511 /* CopperCorner.png in Resources */ = {isa = PBXBuildFile; fileRef = 490FE2F0132DF5B1009E0511 /* CopperCorner.png */; };
		490FE2FF132DF5B2009E0511 /* CopperCornerFocused.png in Resources */ = {isa = PBXBuildFile; fileRef = 490FE2F1132DF5B1009E0511 /* CopperCornerFocused.png */; };
		490FE300132DF5B2009E0511 /* CopperTile.png in Resources */ = {isa = PBXBuildFile; fileRef = 490FE2F2132DF5B1009E0511 /* CopperTile.png */; };
		490FE301132DF5B2009E0511 /* Divider.png in Resources */ = {isa = PBXBuildFile; fileRef = 490FE2F3132DF5B1009E0511 /* Divider.png */; };
		490FE302132DF5B2009E0511 /* DragMe.png in Resources */ = {isa = PBXBuildFile; fileRef = 490FE2F4132DF5B1009E0511 /* DragMe.png */; };
		490FE303132DF5B2009E0511 /* DragMeSource.png in Resources */ = {isa = PBXBuildFile; fileRef = 490FE2F5132DF5B1009E0511 /* DragMeSource.png */; };
		490FE304132DF5B2009E0511 /* LightMap.png in Resources */ = {isa = PBXBuildFile; fileRef = 490FE2F6132DF5B1009E0511 /* LightMap.png */; };
		490FE305132DF5B2009E0511 /* Mahogany.png in Resources */ = {isa = PBXBuildFile; fileRef = 490FE2F7132DF5B1009E0511 /* Mahogany.png */; };
		490FE306132DF5B2009E0511 /* Paint.png in Resources */ = {isa = PBXBuildFile; fileRef = 490FE2F8132DF5B2009E0511 /* Paint.png */; };
		490FE307132DF5B2009E0511 /* PlugInput.png in Resources */ = {isa = PBXBuildFile; fileRef = 490FE2F9132DF5B2009E0511 /* PlugInput.png */; };
		490FE308132DF5B2009E0511 /* PlugOutput.png in Resources */ = {isa = PBXBuildFile; fileRef = 490FE2FA132DF5B2009E0511 /* PlugOutput.png */; };
/* End PBXBuildFile section */

/* Begin PBXContainerItemProxy section */
		490FE29C132DF367009E0511 /* PBXContainerItemProxy */ = {
			isa = PBXContainerItemProxy;
			containerPortal = 29B97313FDCFA39411CA2CEA /* Project object */;
			proxyType = 1;
			remoteGlobalIDString = 490FDFCC132DE3E1009E0511 /* BBVisualProgramming */;
			remoteInfo = BBVisualProgramming;
		};
/* End PBXContainerItemProxy section */

/* Begin PBXCopyFilesBuildPhase section */
		490FE1B1132DE666009E0511 /* Copy Frameworks */ = {
			isa = PBXCopyFilesBuildPhase;
			buildActionMask = 2147483647;
			dstPath = "";
			dstSubfolderSpec = 10;
			files = (
				490FE1AE132DE648009E0511 /* AGRegex.framework in Copy Frameworks */,
			);
			name = "Copy Frameworks";
			runOnlyForDeploymentPostprocessing = 0;
		};
		490FE2D6132DF45F009E0511 /* Copy Frameworks */ = {
			isa = PBXCopyFilesBuildPhase;
			buildActionMask = 2147483647;
			dstPath = "";
			dstSubfolderSpec = 10;
			files = (
				490FE2C9132DF412009E0511 /* AGRegex.framework in Copy Frameworks */,
				490FE29E132DF36A009E0511 /* BBVisualProgramming.framework in Copy Frameworks */,
			);
			name = "Copy Frameworks";
			runOnlyForDeploymentPostprocessing = 0;
		};
/* End PBXCopyFilesBuildPhase section */

/* Begin PBXFileReference section */
		490FDFCD132DE3E1009E0511 /* BBVisualProgramming.framework */ = {isa = PBXFileReference; explicitFileType = wrapper.framework; includeInIndex = 0; path = BBVisualProgramming.framework; sourceTree = BUILT_PRODUCTS_DIR; };
		490FDFEB132DE524009E0511 /* CGGeometry+Math.h */ = {isa = PBXFileReference; fileEncoding = 4; lastKnownFileType = sourcecode.c.h; path = "CGGeometry+Math.h"; sourceTree = "<group>"; };
		490FDFEC132DE524009E0511 /* CGGeometry+Math.m */ = {isa = PBXFileReference; fileEncoding = 4; lastKnownFileType = sourcecode.c.objc; path = "CGGeometry+Math.m"; sourceTree = "<group>"; };
		490FDFED132DE524009E0511 /* NSArray+BBUtility.h */ = {isa = PBXFileReference; fileEncoding = 4; lastKnownFileType = sourcecode.c.h; path = "NSArray+BBUtility.h"; sourceTree = "<group>"; };
		490FDFEE132DE524009E0511 /* NSArray+BBUtility.m */ = {isa = PBXFileReference; fileEncoding = 4; lastKnownFileType = sourcecode.c.objc; path = "NSArray+BBUtility.m"; sourceTree = "<group>"; };
		490FDFEF132DE524009E0511 /* NSDocumentWrapper.h */ = {isa = PBXFileReference; fileEncoding = 4; lastKnownFileType = sourcecode.c.h; path = NSDocumentWrapper.h; sourceTree = "<group>"; };
		490FDFF0132DE524009E0511 /* NSDocumentWrapper.m */ = {isa = PBXFileReference; fileEncoding = 4; lastKnownFileType = sourcecode.c.objc; path = NSDocumentWrapper.m; sourceTree = "<group>"; };
		490FDFF1132DE524009E0511 /* NSPersistentDocumentWrapper.h */ = {isa = PBXFileReference; fileEncoding = 4; lastKnownFileType = sourcecode.c.h; path = NSPersistentDocumentWrapper.h; sourceTree = "<group>"; };
		490FDFF2132DE524009E0511 /* NSPersistentDocumentWrapper.m */ = {isa = PBXFileReference; fileEncoding = 4; lastKnownFileType = sourcecode.c.objc; path = NSPersistentDocumentWrapper.m; sourceTree = "<group>"; };
		490FDFF3132DE524009E0511 /* NSPersistentDocument+FileWrapper.h */ = {isa = PBXFileReference; fileEncoding = 4; lastKnownFileType = sourcecode.c.h; path = "NSPersistentDocument+FileWrapper.h"; sourceTree = "<group>"; };
		490FDFF4132DE524009E0511 /* NSPersistentDocument+FileWrapper.m */ = {isa = PBXFileReference; fileEncoding = 4; lastKnownFileType = sourcecode.c.objc; path = "NSPersistentDocument+FileWrapper.m"; sourceTree = "<group>"; };
		490FDFF6132DE524009E0511 /* BBImageResource.h */ = {isa = PBXFileReference; fileEncoding = 4; lastKnownFileType = sourcecode.c.h; path = BBImageResource.h; sourceTree = "<group>"; };
		490FDFF7132DE524009E0511 /* BBImageResource.m */ = {isa = PBXFileReference; fileEncoding = 4; lastKnownFileType = sourcecode.c.objc; path = BBImageResource.m; sourceTree = "<group>"; };
		490FDFF8132DE524009E0511 /* BBError.h */ = {isa = PBXFileReference; fileEncoding = 4; lastKnownFileType = sourcecode.c.h; path = BBError.h; sourceTree = "<group>"; };
		490FDFF9132DE524009E0511 /* BBError.m */ = {isa = PBXFileReference; fileEncoding = 4; lastKnownFileType = sourcecode.c.objc; path = BBError.m; sourceTree = "<group>"; };
		490FDFFA132DE524009E0511 /* BBPasteboardable.h */ = {isa = PBXFileReference; fileEncoding = 4; lastKnownFileType = sourcecode.c.h; path = BBPasteboardable.h; sourceTree = "<group>"; };
		490FDFFB132DE524009E0511 /* BBProjectController.h */ = {isa = PBXFileReference; fileEncoding = 4; lastKnownFileType = sourcecode.c.h; path = BBProjectController.h; sourceTree = "<group>"; };
		490FDFFC132DE524009E0511 /* BBProjectController.m */ = {isa = PBXFileReference; fileEncoding = 4; lastKnownFileType = sourcecode.c.objc; path = BBProjectController.m; sourceTree = "<group>"; };
		490FDFFD132DE524009E0511 /* BBWoodBackgroundView.h */ = {isa = PBXFileReference; fileEncoding = 4; lastKnownFileType = sourcecode.c.h; path = BBWoodBackgroundView.h; sourceTree = "<group>"; };
		490FDFFE132DE524009E0511 /* BBWoodBackgroundView.m */ = {isa = PBXFileReference; fileEncoding = 4; lastKnownFileType = sourcecode.c.objc; path = BBWoodBackgroundView.m; sourceTree = "<group>"; };
		490FDFFF132DE524009E0511 /* BBWindow.h */ = {isa = PBXFileReference; fileEncoding = 4; lastKnownFileType = sourcecode.c.h; path = BBWindow.h; sourceTree = "<group>"; };
		490FE000132DE524009E0511 /* BBWindow.m */ = {isa = PBXFileReference; fileEncoding = 4; lastKnownFileType = sourcecode.c.objc; path = BBWindow.m; sourceTree = "<group>"; };
		490FE001132DE524009E0511 /* BBSplitViewLimitsDelegate.h */ = {isa = PBXFileReference; fileEncoding = 4; lastKnownFileType = sourcecode.c.h; path = BBSplitViewLimitsDelegate.h; sourceTree = "<group>"; };
		490FE002132DE524009E0511 /* BBSplitViewLimitsDelegate.m */ = {isa = PBXFileReference; fileEncoding = 4; lastKnownFileType = sourcecode.c.objc; path = BBSplitViewLimitsDelegate.m; sourceTree = "<group>"; };
		490FE004132DE524009E0511 /* BBPatchView.h */ = {isa = PBXFileReference; fileEncoding = 4; lastKnownFileType = sourcecode.c.h; path = BBPatchView.h; sourceTree = "<group>"; };
		490FE005132DE524009E0511 /* BBPatchView.m */ = {isa = PBXFileReference; fileEncoding = 4; lastKnownFileType = sourcecode.c.objc; path = BBPatchView.m; sourceTree = "<group>"; };
		490FE006132DE524009E0511 /* BBPatchDefinition.h */ = {isa = PBXFileReference; fileEncoding = 4; lastKnownFileType = sourcecode.c.h; path = BBPatchDefinition.h; sourceTree = "<group>"; };
		490FE007132DE524009E0511 /* BBPatchDefinition.m */ = {isa = PBXFileReference; fileEncoding = 4; lastKnownFileType = sourcecode.c.objc; path = BBPatchDefinition.m; sourceTree = "<group>"; };
		490FE008132DE524009E0511 /* BBConnectionDefinition.h */ = {isa = PBXFileReference; fileEncoding = 4; lastKnownFileType = sourcecode.c.h; path = BBConnectionDefinition.h; sourceTree = "<group>"; };
		490FE009132DE524009E0511 /* BBConnectionDefinition.m */ = {isa = PBXFileReference; fileEncoding = 4; lastKnownFileType = sourcecode.c.objc; path = BBConnectionDefinition.m; sourceTree = "<group>"; };
		490FE00B132DE524009E0511 /* BBPatchCollectionDocument.h */ = {isa = PBXFileReference; fileEncoding = 4; lastKnownFileType = sourcecode.c.h; path = BBPatchCollectionDocument.h; sourceTree = "<group>"; };
		490FE00C132DE524009E0511 /* BBPatchCollectionDocument.m */ = {isa = PBXFileReference; fileEncoding = 4; lastKnownFileType = sourcecode.c.objc; path = BBPatchCollectionDocument.m; sourceTree = "<group>"; };
		490FE00D132DE524009E0511 /* BBConnection.h */ = {isa = PBXFileReference; fileEncoding = 4; lastKnownFileType = sourcecode.c.h; path = BBConnection.h; sourceTree = "<group>"; };
		490FE00E132DE524009E0511 /* BBConnection.m */ = {isa = PBXFileReference; fileEncoding = 4; lastKnownFileType = sourcecode.c.objc; path = BBConnection.m; sourceTree = "<group>"; };
		490FE00F132DE524009E0511 /* BBLinkedPatch.h */ = {isa = PBXFileReference; fileEncoding = 4; lastKnownFileType = sourcecode.c.h; path = BBLinkedPatch.h; sourceTree = "<group>"; };
		490FE010132DE524009E0511 /* BBLinkedPatch.m */ = {isa = PBXFileReference; fileEncoding = 4; lastKnownFileType = sourcecode.c.objc; path = BBLinkedPatch.m; sourceTree = "<group>"; };
		490FE011132DE524009E0511 /* BBLinkedPatchView.h */ = {isa = PBXFileReference; fileEncoding = 4; lastKnownFileType = sourcecode.c.h; path = BBLinkedPatchView.h; sourceTree = "<group>"; };
		490FE012132DE524009E0511 /* BBLinkedPatchView.m */ = {isa = PBXFileReference; fileEncoding = 4; lastKnownFileType = sourcecode.c.objc; path = BBLinkedPatchView.m; sourceTree = "<group>"; };
		490FE013132DE524009E0511 /* BBConnectionAnimationState.h */ = {isa = PBXFileReference; fileEncoding = 4; lastKnownFileType = sourcecode.c.h; path = BBConnectionAnimationState.h; sourceTree = "<group>"; };
		490FE014132DE524009E0511 /* BBConnectionAnimationState.m */ = {isa = PBXFileReference; fileEncoding = 4; lastKnownFileType = sourcecode.c.objc; path = BBConnectionAnimationState.m; sourceTree = "<group>"; };
		490FE015132DE524009E0511 /* BBPatchCollectionController.h */ = {isa = PBXFileReference; fileEncoding = 4; lastKnownFileType = sourcecode.c.h; path = BBPatchCollectionController.h; sourceTree = "<group>"; };
		490FE016132DE524009E0511 /* BBPatchCollectionController.m */ = {isa = PBXFileReference; fileEncoding = 4; lastKnownFileType = sourcecode.c.objc; path = BBPatchCollectionController.m; sourceTree = "<group>"; };
		490FE017132DE524009E0511 /* BBPatchCollectionView.h */ = {isa = PBXFileReference; fileEncoding = 4; lastKnownFileType = sourcecode.c.h; path = BBPatchCollectionView.h; sourceTree = "<group>"; };
		490FE018132DE524009E0511 /* BBPatchCollectionView.m */ = {isa = PBXFileReference; fileEncoding = 4; lastKnownFileType = sourcecode.c.objc; path = BBPatchCollectionView.m; sourceTree = "<group>"; };
		490FE01A132DE524009E0511 /* BBPatchDocument.h */ = {isa = PBXFileReference; fileEncoding = 4; lastKnownFileType = sourcecode.c.h; path = BBPatchDocument.h; sourceTree = "<group>"; };
		490FE01B132DE524009E0511 /* BBPatchDocument.m */ = {isa = PBXFileReference; fileEncoding = 4; lastKnownFileType = sourcecode.c.objc; path = BBPatchDocument.m; sourceTree = "<group>"; };
		490FE01C132DE524009E0511 /* BBPatchScriptViewController.h */ = {isa = PBXFileReference; fileEncoding = 4; lastKnownFileType = sourcecode.c.h; path = BBPatchScriptViewController.h; sourceTree = "<group>"; };
		490FE01D132DE524009E0511 /* BBPatchScriptViewController.m */ = {isa = PBXFileReference; fileEncoding = 4; lastKnownFileType = sourcecode.c.objc; path = BBPatchScriptViewController.m; sourceTree = "<group>"; };
		490FE01E132DE524009E0511 /* BBPatchDefinitionView.h */ = {isa = PBXFileReference; fileEncoding = 4; lastKnownFileType = sourcecode.c.h; path = BBPatchDefinitionView.h; sourceTree = "<group>"; };
		490FE01F132DE524009E0511 /* BBPatchDefinitionView.m */ = {isa = PBXFileReference; fileEncoding = 4; lastKnownFileType = sourcecode.c.objc; path = BBPatchDefinitionView.m; sourceTree = "<group>"; };
		490FE020132DE524009E0511 /* BBConnectionDefinitionDragView.h */ = {isa = PBXFileReference; fileEncoding = 4; lastKnownFileType = sourcecode.c.h; path = BBConnectionDefinitionDragView.h; sourceTree = "<group>"; };
		490FE021132DE524009E0511 /* BBConnectionDefinitionDragView.m */ = {isa = PBXFileReference; fileEncoding = 4; lastKnownFileType = sourcecode.c.objc; path = BBConnectionDefinitionDragView.m; sourceTree = "<group>"; };
		490FE022132DE524009E0511 /* BBAppDelegate.h */ = {isa = PBXFileReference; fileEncoding = 4; lastKnownFileType = sourcecode.c.h; path = BBAppDelegate.h; sourceTree = "<group>"; };
		490FE023132DE524009E0511 /* BBAppDelegate.m */ = {isa = PBXFileReference; fileEncoding = 4; lastKnownFileType = sourcecode.c.objc; path = BBAppDelegate.m; sourceTree = "<group>"; };
		490FE05D132DE57C009E0511 /* BBVisualProgramming-Info.plist */ = {isa = PBXFileReference; fileEncoding = 4; lastKnownFileType = text.plist.xml; path = "BBVisualProgramming-Info.plist"; sourceTree = "<group>"; };
		490FE069132DE60D009E0511 /* AGRegex.framework */ = {isa = PBXFileReference; lastKnownFileType = wrapper.framework; path = AGRegex.framework; sourceTree = "<group>"; };
		490FE1A6132DE61F009E0511 /* Cocoa.framework */ = {isa = PBXFileReference; lastKnownFileType = wrapper.framework; name = Cocoa.framework; path = /System/Library/Frameworks/Cocoa.framework; sourceTree = "<absolute>"; };
		490FE1A7132DE61F009E0511 /* Foundation.framework */ = {isa = PBXFileReference; lastKnownFileType = wrapper.framework; name = Foundation.framework; path = /System/Library/Frameworks/Foundation.framework; sourceTree = "<absolute>"; };
		490FE1A8132DE61F009E0511 /* AppKit.framework */ = {isa = PBXFileReference; lastKnownFileType = wrapper.framework; name = AppKit.framework; path = /System/Library/Frameworks/AppKit.framework; sourceTree = "<absolute>"; };
		490FE1CD132DE859009E0511 /* VisualProgramming_Prefix.pch */ = {isa = PBXFileReference; fileEncoding = 4; lastKnownFileType = sourcecode.c.h; path = VisualProgramming_Prefix.pch; sourceTree = "<group>"; };
		490FE28C132DF34F009E0511 /* VisualProgrammingTest.app */ = {isa = PBXFileReference; explicitFileType = wrapper.application; includeInIndex = 0; path = VisualProgrammingTest.app; sourceTree = BUILT_PRODUCTS_DIR; };
		490FE28E132DF34F009E0511 /* VisualProgrammingTest-Info.plist */ = {isa = PBXFileReference; lastKnownFileType = text.plist.xml; path = "VisualProgrammingTest-Info.plist"; sourceTree = "<group>"; };
		490FE2A8132DF39A009E0511 /* main.m */ = {isa = PBXFileReference; fileEncoding = 4; lastKnownFileType = sourcecode.c.objc; path = main.m; sourceTree = "<group>"; };
		490FE2D4132DF45F009E0511 /* MainMenu.xib */ = {isa = PBXFileReference; lastKnownFileType = file.xib; path = MainMenu.xib; sourceTree = "<group>"; };
		490FE2EC132DF5B1009E0511 /* AppIcon.icns */ = {isa = PBXFileReference; lastKnownFileType = image.icns; path = AppIcon.icns; sourceTree = "<group>"; };
		490FE2EE132DF5B1009E0511 /* Connection.png */ = {isa = PBXFileReference; lastKnownFileType = image.png; path = Connection.png; sourceTree = "<group>"; };
		490FE2EF132DF5B1009E0511 /* Copper.png */ = {isa = PBXFileReference; lastKnownFileType = image.png; path = Copper.png; sourceTree = "<group>"; };
		490FE2F0132DF5B1009E0511 /* CopperCorner.png */ = {isa = PBXFileReference; lastKnownFileType = image.png; path = CopperCorner.png; sourceTree = "<group>"; };
		490FE2F1132DF5B1009E0511 /* CopperCornerFocused.png */ = {isa = PBXFileReference; lastKnownFileType = image.png; path = CopperCornerFocused.png; sourceTree = "<group>"; };
		490FE2F2132DF5B1009E0511 /* CopperTile.png */ = {isa = PBXFileReference; lastKnownFileType = image.png; path = CopperTile.png; sourceTree = "<group>"; };
		490FE2F3132DF5B1009E0511 /* Divider.png */ = {isa = PBXFileReference; lastKnownFileType = image.png; path = Divider.png; sourceTree = "<group>"; };
		490FE2F4132DF5B1009E0511 /* DragMe.png */ = {isa = PBXFileReference; lastKnownFileType = image.png; path = DragMe.png; sourceTree = "<group>"; };
		490FE2F5132DF5B1009E0511 /* DragMeSource.png */ = {isa = PBXFileReference; lastKnownFileType = image.png; path = DragMeSource.png; sourceTree = "<group>"; };
		490FE2F6132DF5B1009E0511 /* LightMap.png */ = {isa = PBXFileReference; lastKnownFileType = image.png; path = LightMap.png; sourceTree = "<group>"; };
		490FE2F7132DF5B1009E0511 /* Mahogany.png */ = {isa = PBXFileReference; lastKnownFileType = image.png; path = Mahogany.png; sourceTree = "<group>"; };
		490FE2F8132DF5B2009E0511 /* Paint.png */ = {isa = PBXFileReference; lastKnownFileType = image.png; path = Paint.png; sourceTree = "<group>"; };
		490FE2F9132DF5B2009E0511 /* PlugInput.png */ = {isa = PBXFileReference; lastKnownFileType = image.png; path = PlugInput.png; sourceTree = "<group>"; };
		490FE2FA132DF5B2009E0511 /* PlugOutput.png */ = {isa = PBXFileReference; lastKnownFileType = image.png; path = PlugOutput.png; sourceTree = "<group>"; };
/* End PBXFileReference section */

/* Begin PBXFrameworksBuildPhase section */
		490FDFCB132DE3E1009E0511 /* Frameworks */ = {
			isa = PBXFrameworksBuildPhase;
			buildActionMask = 2147483647;
			files = (
				490FE06A132DE60D009E0511 /* AGRegex.framework in Frameworks */,
				490FE1A9132DE61F009E0511 /* Cocoa.framework in Frameworks */,
				490FE1AA132DE61F009E0511 /* Foundation.framework in Frameworks */,
				490FE1AB132DE61F009E0511 /* AppKit.framework in Frameworks */,
			);
			runOnlyForDeploymentPostprocessing = 0;
		};
		490FE28A132DF34F009E0511 /* Frameworks */ = {
			isa = PBXFrameworksBuildPhase;
			buildActionMask = 2147483647;
			files = (
				490FE2CB132DF436009E0511 /* AGRegex.framework in Frameworks */,
				490FE2CC132DF436009E0511 /* BBVisualProgramming.framework in Frameworks */,
			);
			runOnlyForDeploymentPostprocessing = 0;
		};
/* End PBXFrameworksBuildPhase section */

/* Begin PBXGroup section */
		19C28FACFE9D520D11CA2CBB /* Products */ = {
			isa = PBXGroup;
			children = (
				490FDFCD132DE3E1009E0511 /* BBVisualProgramming.framework */,
				490FE28C132DF34F009E0511 /* VisualProgrammingTest.app */,
			);
			name = Products;
			sourceTree = "<group>";
		};
		29B97314FDCFA39411CA2CEA /* VisualProgramming */ = {
			isa = PBXGroup;
			children = (
				490FE2A5132DF382009E0511 /* Test */,
				490FDFE9132DE524009E0511 /* Classes */,
				490FE1CC132DE847009E0511 /* Other Sources */,
				29B97317FDCFA39411CA2CEA /* Resources */,
				29B97323FDCFA39411CA2CEA /* Frameworks */,
				19C28FACFE9D520D11CA2CBB /* Products */,
			);
			name = VisualProgramming;
			sourceTree = "<group>";
		};
		29B97317FDCFA39411CA2CEA /* Resources */ = {
			isa = PBXGroup;
			children = (
				490FE2ED132DF5B1009E0511 /* images */,
				490FE2EC132DF5B1009E0511 /* AppIcon.icns */,
				490FE05D132DE57C009E0511 /* BBVisualProgramming-Info.plist */,
			);
			name = Resources;
			sourceTree = "<group>";
		};
		29B97323FDCFA39411CA2CEA /* Frameworks */ = {
			isa = PBXGroup;
			children = (
				490FE1AC132DE625009E0511 /* Linked Frameworks */,
				490FE069132DE60D009E0511 /* AGRegex.framework */,
			);
			name = Frameworks;
			sourceTree = "<group>";
		};
		490FDFE9132DE524009E0511 /* Classes */ = {
			isa = PBXGroup;
			children = (
				490FE019132DE524009E0511 /* Patch Document */,
				490FE00A132DE524009E0511 /* Patch Collection */,
				490FE003132DE524009E0511 /* Patch */,
				490FDFFB132DE524009E0511 /* BBProjectController.h */,
				490FDFFC132DE524009E0511 /* BBProjectController.m */,
				490FDFFD132DE524009E0511 /* BBWoodBackgroundView.h */,
				490FDFFE132DE524009E0511 /* BBWoodBackgroundView.m */,
				490FDFFF132DE524009E0511 /* BBWindow.h */,
				490FE022132DE524009E0511 /* BBAppDelegate.h */,
				490FE023132DE524009E0511 /* BBAppDelegate.m */,
				490FE000132DE524009E0511 /* BBWindow.m */,
				490FE001132DE524009E0511 /* BBSplitViewLimitsDelegate.h */,
				490FE002132DE524009E0511 /* BBSplitViewLimitsDelegate.m */,
				490FDFF5132DE524009E0511 /* BBUtility */,
				490FDFEA132DE524009E0511 /* Utility */,
			);
			name = Classes;
			sourceTree = "<group>";
		};
		490FDFEA132DE524009E0511 /* Utility */ = {
			isa = PBXGroup;
			children = (
				490FDFEB132DE524009E0511 /* CGGeometry+Math.h */,
				490FDFEC132DE524009E0511 /* CGGeometry+Math.m */,
				490FDFED132DE524009E0511 /* NSArray+BBUtility.h */,
				490FDFEE132DE524009E0511 /* NSArray+BBUtility.m */,
				490FDFEF132DE524009E0511 /* NSDocumentWrapper.h */,
				490FDFF0132DE524009E0511 /* NSDocumentWrapper.m */,
				490FDFF1132DE524009E0511 /* NSPersistentDocumentWrapper.h */,
				490FDFF2132DE524009E0511 /* NSPersistentDocumentWrapper.m */,
				490FDFF3132DE524009E0511 /* NSPersistentDocument+FileWrapper.h */,
				490FDFF4132DE524009E0511 /* NSPersistentDocument+FileWrapper.m */,
			);
			name = Utility;
			sourceTree = "<group>";
		};
		490FDFF5132DE524009E0511 /* BBUtility */ = {
			isa = PBXGroup;
			children = (
				490FDFF6132DE524009E0511 /* BBImageResource.h */,
				490FDFF7132DE524009E0511 /* BBImageResource.m */,
				490FDFF8132DE524009E0511 /* BBError.h */,
				490FDFF9132DE524009E0511 /* BBError.m */,
				490FDFFA132DE524009E0511 /* BBPasteboardable.h */,
			);
			name = BBUtility;
			sourceTree = "<group>";
		};
		490FE003132DE524009E0511 /* Patch */ = {
			isa = PBXGroup;
			children = (
				490FE004132DE524009E0511 /* BBPatchView.h */,
				490FE005132DE524009E0511 /* BBPatchView.m */,
				490FE006132DE524009E0511 /* BBPatchDefinition.h */,
				490FE007132DE524009E0511 /* BBPatchDefinition.m */,
				490FE008132DE524009E0511 /* BBConnectionDefinition.h */,
				490FE009132DE524009E0511 /* BBConnectionDefinition.m */,
			);
			name = Patch;
			sourceTree = "<group>";
		};
		490FE00A132DE524009E0511 /* Patch Collection */ = {
			isa = PBXGroup;
			children = (
				490FE00B132DE524009E0511 /* BBPatchCollectionDocument.h */,
				490FE00C132DE524009E0511 /* BBPatchCollectionDocument.m */,
				490FE00D132DE524009E0511 /* BBConnection.h */,
				490FE00E132DE524009E0511 /* BBConnection.m */,
				490FE00F132DE524009E0511 /* BBLinkedPatch.h */,
				490FE010132DE524009E0511 /* BBLinkedPatch.m */,
				490FE011132DE524009E0511 /* BBLinkedPatchView.h */,
				490FE012132DE524009E0511 /* BBLinkedPatchView.m */,
				490FE013132DE524009E0511 /* BBConnectionAnimationState.h */,
				490FE014132DE524009E0511 /* BBConnectionAnimationState.m */,
				490FE015132DE524009E0511 /* BBPatchCollectionController.h */,
				490FE016132DE524009E0511 /* BBPatchCollectionController.m */,
				490FE017132DE524009E0511 /* BBPatchCollectionView.h */,
				490FE018132DE524009E0511 /* BBPatchCollectionView.m */,
			);
			name = "Patch Collection";
			sourceTree = "<group>";
		};
		490FE019132DE524009E0511 /* Patch Document */ = {
			isa = PBXGroup;
			children = (
				490FE01A132DE524009E0511 /* BBPatchDocument.h */,
				490FE01B132DE524009E0511 /* BBPatchDocument.m */,
				490FE01C132DE524009E0511 /* BBPatchScriptViewController.h */,
				490FE01D132DE524009E0511 /* BBPatchScriptViewController.m */,
				490FE01E132DE524009E0511 /* BBPatchDefinitionView.h */,
				490FE01F132DE524009E0511 /* BBPatchDefinitionView.m */,
				490FE020132DE524009E0511 /* BBConnectionDefinitionDragView.h */,
				490FE021132DE524009E0511 /* BBConnectionDefinitionDragView.m */,
			);
			name = "Patch Document";
			sourceTree = "<group>";
		};
		490FE1AC132DE625009E0511 /* Linked Frameworks */ = {
			isa = PBXGroup;
			children = (
				490FE1A6132DE61F009E0511 /* Cocoa.framework */,
				490FE1A7132DE61F009E0511 /* Foundation.framework */,
				490FE1A8132DE61F009E0511 /* AppKit.framework */,
			);
			name = "Linked Frameworks";
			sourceTree = "<group>";
		};
		490FE1CC132DE847009E0511 /* Other Sources */ = {
			isa = PBXGroup;
			children = (
				490FE1CD132DE859009E0511 /* VisualProgramming_Prefix.pch */,
			);
			name = "Other Sources";
			sourceTree = "<group>";
		};
		490FE2A5132DF382009E0511 /* Test */ = {
			isa = PBXGroup;
			children = (
				490FE28E132DF34F009E0511 /* VisualProgrammingTest-Info.plist */,
				490FE2D4132DF45F009E0511 /* MainMenu.xib */,
				490FE2A8132DF39A009E0511 /* main.m */,
			);
			name = Test;
			sourceTree = "<group>";
		};
		490FE2ED132DF5B1009E0511 /* images */ = {
			isa = PBXGroup;
			children = (
				490FE2EE132DF5B1009E0511 /* Connection.png */,
				490FE2EF132DF5B1009E0511 /* Copper.png */,
				490FE2F0132DF5B1009E0511 /* CopperCorner.png */,
				490FE2F1132DF5B1009E0511 /* CopperCornerFocused.png */,
				490FE2F2132DF5B1009E0511 /* CopperTile.png */,
				490FE2F3132DF5B1009E0511 /* Divider.png */,
				490FE2F4132DF5B1009E0511 /* DragMe.png */,
				490FE2F5132DF5B1009E0511 /* DragMeSource.png */,
				490FE2F6132DF5B1009E0511 /* LightMap.png */,
				490FE2F7132DF5B1009E0511 /* Mahogany.png */,
				490FE2F8132DF5B2009E0511 /* Paint.png */,
				490FE2F9132DF5B2009E0511 /* PlugInput.png */,
				490FE2FA132DF5B2009E0511 /* PlugOutput.png */,
			);
			path = images;
			sourceTree = "<group>";
		};
/* End PBXGroup section */

/* Begin PBXHeadersBuildPhase section */
		490FDFC8132DE3E1009E0511 /* Headers */ = {
			isa = PBXHeadersBuildPhase;
			buildActionMask = 2147483647;
			files = (
				490FE024132DE524009E0511 /* CGGeometry+Math.h in Headers */,
				490FE026132DE524009E0511 /* NSArray+BBUtility.h in Headers */,
				490FE028132DE524009E0511 /* NSDocumentWrapper.h in Headers */,
				490FE02A132DE524009E0511 /* NSPersistentDocumentWrapper.h in Headers */,
				490FE02C132DE524009E0511 /* NSPersistentDocument+FileWrapper.h in Headers */,
				490FE02E132DE524009E0511 /* BBImageResource.h in Headers */,
				490FE030132DE524009E0511 /* BBError.h in Headers */,
				490FE032132DE524009E0511 /* BBPasteboardable.h in Headers */,
				490FE033132DE524009E0511 /* BBProjectController.h in Headers */,
				490FE035132DE524009E0511 /* BBWoodBackgroundView.h in Headers */,
				490FE037132DE524009E0511 /* BBWindow.h in Headers */,
				490FE039132DE524009E0511 /* BBSplitViewLimitsDelegate.h in Headers */,
				490FE03B132DE524009E0511 /* BBPatchView.h in Headers */,
				490FE03D132DE524009E0511 /* BBPatchDefinition.h in Headers */,
				490FE03F132DE524009E0511 /* BBConnectionDefinition.h in Headers */,
				490FE041132DE524009E0511 /* BBPatchCollectionDocument.h in Headers */,
				490FE043132DE524009E0511 /* BBConnection.h in Headers */,
				490FE045132DE524009E0511 /* BBLinkedPatch.h in Headers */,
				490FE047132DE524009E0511 /* BBLinkedPatchView.h in Headers */,
				490FE049132DE524009E0511 /* BBConnectionAnimationState.h in Headers */,
				490FE04B132DE524009E0511 /* BBPatchCollectionController.h in Headers */,
				490FE04D132DE524009E0511 /* BBPatchCollectionView.h in Headers */,
				490FE04F132DE524009E0511 /* BBPatchDocument.h in Headers */,
				490FE051132DE524009E0511 /* BBPatchScriptViewController.h in Headers */,
				490FE053132DE524009E0511 /* BBPatchDefinitionView.h in Headers */,
				490FE055132DE524009E0511 /* BBConnectionDefinitionDragView.h in Headers */,
				490FE057132DE524009E0511 /* BBAppDelegate.h in Headers */,
				490FE1CE132DE859009E0511 /* VisualProgramming_Prefix.pch in Headers */,
			);
			runOnlyForDeploymentPostprocessing = 0;
		};
/* End PBXHeadersBuildPhase section */

/* Begin PBXNativeTarget section */
		490FDFCC132DE3E1009E0511 /* BBVisualProgramming */ = {
			isa = PBXNativeTarget;
			buildConfigurationList = 490FDFD1132DE3E1009E0511 /* Build configuration list for PBXNativeTarget "BBVisualProgramming" */;
			buildPhases = (
				490FDFC8132DE3E1009E0511 /* Headers */,
				490FDFC9132DE3E1009E0511 /* Resources */,
				490FDFCA132DE3E1009E0511 /* Sources */,
				490FDFCB132DE3E1009E0511 /* Frameworks */,
				490FE1B1132DE666009E0511 /* Copy Frameworks */,
			);
			buildRules = (
			);
			dependencies = (
			);
			name = BBVisualProgramming;
			productName = BBVisualProgramming;
			productReference = 490FDFCD132DE3E1009E0511 /* BBVisualProgramming.framework */;
			productType = "com.apple.product-type.framework";
		};
		490FE28B132DF34F009E0511 /* VisualProgrammingTest */ = {
			isa = PBXNativeTarget;
			buildConfigurationList = 490FE291132DF350009E0511 /* Build configuration list for PBXNativeTarget "VisualProgrammingTest" */;
			buildPhases = (
				490FE288132DF34F009E0511 /* Resources */,
				490FE289132DF34F009E0511 /* Sources */,
				490FE2D6132DF45F009E0511 /* Copy Frameworks */,
				490FE28A132DF34F009E0511 /* Frameworks */,
			);
			buildRules = (
			);
			dependencies = (
				490FE29D132DF367009E0511 /* PBXTargetDependency */,
			);
			name = VisualProgrammingTest;
			productName = VisualProgrammingTest;
			productReference = 490FE28C132DF34F009E0511 /* VisualProgrammingTest.app */;
			productType = "com.apple.product-type.application";
		};
/* End PBXNativeTarget section */

/* Begin PBXProject section */
		29B97313FDCFA39411CA2CEA /* Project object */ = {
			isa = PBXProject;
			buildConfigurationList = C01FCF4E08A954540054247B /* Build configuration list for PBXProject "VisualProgramming" */;
			compatibilityVersion = "Xcode 3.1";
			developmentRegion = English;
			hasScannedForEncodings = 1;
			knownRegions = (
				English,
				Japanese,
				French,
				German,
			);
			mainGroup = 29B97314FDCFA39411CA2CEA /* VisualProgramming */;
			projectDirPath = "";
			projectRoot = "";
			targets = (
				490FDFCC132DE3E1009E0511 /* BBVisualProgramming */,
				490FE28B132DF34F009E0511 /* VisualProgrammingTest */,
			);
		};
/* End PBXProject section */

/* Begin PBXResourcesBuildPhase section */
		490FDFC9132DE3E1009E0511 /* Resources */ = {
			isa = PBXResourcesBuildPhase;
			buildActionMask = 2147483647;
			files = (
				490FE2FB132DF5B2009E0511 /* AppIcon.icns in Resources */,
				490FE2FC132DF5B2009E0511 /* Connection.png in Resources */,
				490FE2FD132DF5B2009E0511 /* Copper.png in Resources */,
				490FE2FE132DF5B2009E0511 /* CopperCorner.png in Resources */,
				490FE2FF132DF5B2009E0511 /* CopperCornerFocused.png in Resources */,
				490FE300132DF5B2009E0511 /* CopperTile.png in Resources */,
				490FE301132DF5B2009E0511 /* Divider.png in Resources */,
				490FE302132DF5B2009E0511 /* DragMe.png in Resources */,
				490FE303132DF5B2009E0511 /* DragMeSource.png in Resources */,
				490FE304132DF5B2009E0511 /* LightMap.png in Resources */,
				490FE305132DF5B2009E0511 /* Mahogany.png in Resources */,
				490FE306132DF5B2009E0511 /* Paint.png in Resources */,
				490FE307132DF5B2009E0511 /* PlugInput.png in Resources */,
				490FE308132DF5B2009E0511 /* PlugOutput.png in Resources */,
			);
			runOnlyForDeploymentPostprocessing = 0;
		};
		490FE288132DF34F009E0511 /* Resources */ = {
			isa = PBXResourcesBuildPhase;
			buildActionMask = 2147483647;
			files = (
				490FE2D7132DF465009E0511 /* MainMenu.xib in Resources */,
			);
			runOnlyForDeploymentPostprocessing = 0;
		};
/* End PBXResourcesBuildPhase section */

/* Begin PBXSourcesBuildPhase section */
		490FDFCA132DE3E1009E0511 /* Sources */ = {
			isa = PBXSourcesBuildPhase;
			buildActionMask = 2147483647;
			files = (
				490FE025132DE524009E0511 /* CGGeometry+Math.m in Sources */,
				490FE027132DE524009E0511 /* NSArray+BBUtility.m in Sources */,
				490FE029132DE524009E0511 /* NSDocumentWrapper.m in Sources */,
				490FE02B132DE524009E0511 /* NSPersistentDocumentWrapper.m in Sources */,
				490FE02D132DE524009E0511 /* NSPersistentDocument+FileWrapper.m in Sources */,
				490FE02F132DE524009E0511 /* BBImageResource.m in Sources */,
				490FE031132DE524009E0511 /* BBError.m in Sources */,
				490FE034132DE524009E0511 /* BBProjectController.m in Sources */,
				490FE036132DE524009E0511 /* BBWoodBackgroundView.m in Sources */,
				490FE038132DE524009E0511 /* BBWindow.m in Sources */,
				490FE03A132DE524009E0511 /* BBSplitViewLimitsDelegate.m in Sources */,
				490FE03C132DE524009E0511 /* BBPatchView.m in Sources */,
				490FE03E132DE524009E0511 /* BBPatchDefinition.m in Sources */,
				490FE040132DE524009E0511 /* BBConnectionDefinition.m in Sources */,
				490FE042132DE524009E0511 /* BBPatchCollectionDocument.m in Sources */,
				490FE044132DE524009E0511 /* BBConnection.m in Sources */,
				490FE046132DE524009E0511 /* BBLinkedPatch.m in Sources */,
				490FE048132DE524009E0511 /* BBLinkedPatchView.m in Sources */,
				490FE04A132DE524009E0511 /* BBConnectionAnimationState.m in Sources */,
				490FE04C132DE524009E0511 /* BBPatchCollectionController.m in Sources */,
				490FE04E132DE524009E0511 /* BBPatchCollectionView.m in Sources */,
				490FE050132DE524009E0511 /* BBPatchDocument.m in Sources */,
				490FE052132DE524009E0511 /* BBPatchScriptViewController.m in Sources */,
				490FE054132DE524009E0511 /* BBPatchDefinitionView.m in Sources */,
				490FE056132DE524009E0511 /* BBConnectionDefinitionDragView.m in Sources */,
				490FE058132DE524009E0511 /* BBAppDelegate.m in Sources */,
			);
			runOnlyForDeploymentPostprocessing = 0;
		};
		490FE289132DF34F009E0511 /* Sources */ = {
			isa = PBXSourcesBuildPhase;
			buildActionMask = 2147483647;
			files = (
				490FE2C4132DF3F2009E0511 /* main.m in Sources */,
			);
			runOnlyForDeploymentPostprocessing = 0;
		};
/* End PBXSourcesBuildPhase section */

/* Begin PBXTargetDependency section */
		490FE29D132DF367009E0511 /* PBXTargetDependency */ = {
			isa = PBXTargetDependency;
			target = 490FDFCC132DE3E1009E0511 /* BBVisualProgramming */;
			targetProxy = 490FE29C132DF367009E0511 /* PBXContainerItemProxy */;
		};
/* End PBXTargetDependency section */

/* Begin XCBuildConfiguration section */
		490FDFCF132DE3E1009E0511 /* Debug */ = {
			isa = XCBuildConfiguration;
			buildSettings = {
				ALWAYS_SEARCH_USER_PATHS = NO;
				COPY_PHASE_STRIP = NO;
				DYLIB_COMPATIBILITY_VERSION = 1;
				DYLIB_CURRENT_VERSION = 1;
				FRAMEWORK_SEARCH_PATHS = (
					"$(inherited)",
					"\"$(SRCROOT)\"",
				);
				FRAMEWORK_VERSION = A;
				GCC_DYNAMIC_NO_PIC = NO;
				GCC_ENABLE_FIX_AND_CONTINUE = YES;
				GCC_MODEL_TUNING = G5;
				GCC_OPTIMIZATION_LEVEL = 0;
				INFOPLIST_FILE = "BBVisualProgramming-Info.plist";
				INSTALL_PATH = "$(HOME)/Library/Frameworks";
				OTHER_LDFLAGS = (
					"-framework",
					Foundation,
					"-framework",
					AppKit,
				);
				PREBINDING = NO;
				PRODUCT_NAME = BBVisualProgramming;
			};
			name = Debug;
		};
		490FDFD0132DE3E1009E0511 /* Release */ = {
			isa = XCBuildConfiguration;
			buildSettings = {
				ALWAYS_SEARCH_USER_PATHS = NO;
				COPY_PHASE_STRIP = YES;
				DEBUG_INFORMATION_FORMAT = "dwarf-with-dsym";
				DYLIB_COMPATIBILITY_VERSION = 1;
				DYLIB_CURRENT_VERSION = 1;
				FRAMEWORK_SEARCH_PATHS = (
					"$(inherited)",
					"\"$(SRCROOT)\"",
				);
				FRAMEWORK_VERSION = A;
				GCC_ENABLE_FIX_AND_CONTINUE = NO;
				GCC_MODEL_TUNING = G5;
				INFOPLIST_FILE = "BBVisualProgramming-Info.plist";
				INSTALL_PATH = "$(HOME)/Library/Frameworks";
				OTHER_LDFLAGS = (
					"-framework",
					Foundation,
					"-framework",
					AppKit,
				);
				PREBINDING = NO;
				PRODUCT_NAME = BBVisualProgramming;
				ZERO_LINK = NO;
			};
			name = Release;
		};
		490FE28F132DF350009E0511 /* Debug */ = {
			isa = XCBuildConfiguration;
			buildSettings = {
				ALWAYS_SEARCH_USER_PATHS = NO;
				COPY_PHASE_STRIP = NO;
				FRAMEWORK_SEARCH_PATHS = (
					"$(inherited)",
					"\"$(SRCROOT)\"",
				);
				GCC_DYNAMIC_NO_PIC = NO;
				GCC_ENABLE_FIX_AND_CONTINUE = YES;
				GCC_MODEL_TUNING = G5;
				GCC_OPTIMIZATION_LEVEL = 0;
				GCC_PRECOMPILE_PREFIX_HEADER = YES;
				GCC_PREFIX_HEADER = "$(SYSTEM_LIBRARY_DIR)/Frameworks/AppKit.framework/Headers/AppKit.h";
				INFOPLIST_FILE = "VisualProgrammingTest-Info.plist";
				INSTALL_PATH = "$(HOME)/Applications";
				OTHER_LDFLAGS = (
					"-framework",
					Foundation,
					"-framework",
					AppKit,
				);
				PREBINDING = NO;
				PRODUCT_NAME = VisualProgrammingTest;
			};
			name = Debug;
		};
		490FE290132DF350009E0511 /* Release */ = {
			isa = XCBuildConfiguration;
			buildSettings = {
				ALWAYS_SEARCH_USER_PATHS = NO;
				COPY_PHASE_STRIP = YES;
				DEBUG_INFORMATION_FORMAT = "dwarf-with-dsym";
				FRAMEWORK_SEARCH_PATHS = (
					"$(inherited)",
					"\"$(SRCROOT)\"",
				);
				GCC_ENABLE_FIX_AND_CONTINUE = NO;
				GCC_MODEL_TUNING = G5;
				GCC_PRECOMPILE_PREFIX_HEADER = YES;
				GCC_PREFIX_HEADER = "$(SYSTEM_LIBRARY_DIR)/Frameworks/AppKit.framework/Headers/AppKit.h";
				INFOPLIST_FILE = "VisualProgrammingTest-Info.plist";
				INSTALL_PATH = "$(HOME)/Applications";
				OTHER_LDFLAGS = (
					"-framework",
					Foundation,
					"-framework",
					AppKit,
				);
				PREBINDING = NO;
				PRODUCT_NAME = VisualProgrammingTest;
				ZERO_LINK = NO;
			};
			name = Release;
		};
		C01FCF4F08A954540054247B /* Debug */ = {
			isa = XCBuildConfiguration;
			buildSettings = {
				ARCHS = "$(ARCHS_STANDARD_32_64_BIT)";
				GCC_C_LANGUAGE_STANDARD = c99;
				GCC_OPTIMIZATION_LEVEL = 0;
				GCC_WARN_ABOUT_RETURN_TYPE = YES;
				GCC_WARN_UNUSED_VARIABLE = YES;
				ONLY_ACTIVE_ARCH = YES;
				PREBINDING = NO;
				SDKROOT = macosx10.5;
			};
			name = Debug;
		};
		C01FCF5008A954540054247B /* Release */ = {
			isa = XCBuildConfiguration;
			buildSettings = {
				ARCHS = "$(ARCHS_STANDARD_32_64_BIT)";
				GCC_C_LANGUAGE_STANDARD = c99;
				GCC_WARN_ABOUT_RETURN_TYPE = YES;
				GCC_WARN_UNUSED_VARIABLE = YES;
				ONLY_ACTIVE_ARCH = NO;
				PREBINDING = NO;
				SDKROOT = macosx10.5;
			};
			name = Release;
		};
/* End XCBuildConfiguration section */

/* Begin XCConfigurationList section */
		490FDFD1132DE3E1009E0511 /* Build configuration list for PBXNativeTarget "BBVisualProgramming" */ = {
			isa = XCConfigurationList;
			buildConfigurations = (
				490FDFCF132DE3E1009E0511 /* Debug */,
				490FDFD0132DE3E1009E0511 /* Release */,
			);
			defaultConfigurationIsVisible = 0;
			defaultConfigurationName = Release;
		};
		490FE291132DF350009E0511 /* Build configuration list for PBXNativeTarget "VisualProgrammingTest" */ = {
			isa = XCConfigurationList;
			buildConfigurations = (
				490FE28F132DF350009E0511 /* Debug */,
				490FE290132DF350009E0511 /* Release */,
			);
			defaultConfigurationIsVisible = 0;
			defaultConfigurationName = Release;
		};
		C01FCF4E08A954540054247B /* Build configuration list for PBXProject "VisualProgramming" */ = {
			isa = XCConfigurationList;
			buildConfigurations = (
				C01FCF4F08A954540054247B /* Debug */,
				C01FCF5008A954540054247B /* Release */,
			);
			defaultConfigurationIsVisible = 0;
			defaultConfigurationName = Release;
		};
/* End XCConfigurationList section */
	};
	rootObject = 29B97313FDCFA39411CA2CEA /* Project object */;
}
